
Microsoft Visual Studio Solution File, Format Version 12.00
# Visual Studio Version 17
VisualStudioVersion = 17.3.32901.215
MinimumVisualStudioVersion = 10.0.40219.1
Project("{9A19103F-16F7-4668-BE54-9A1E7A4F7556}") = "InfiniteNPC", "InfiniteNPC.csproj", "{AB1F6F7A-82FB-4772-8211-FDC6E164112C}"
EndProject
Global
	GlobalSection(SolutionConfigurationPlatforms) = preSolution
		Debug|Any CPU = Debug|Any CPU
		Release|Any CPU = Release|Any CPU
	EndGlobalSection
	GlobalSection(ProjectConfigurationPlatforms) = postSolution
		{AB1F6F7A-82FB-4772-8211-FDC6E164112C}.Debug|Any CPU.ActiveCfg = Debug|Any CPU
		{AB1F6F7A-82FB-4772-8211-FDC6E164112C}.Debug|Any CPU.Build.0 = Debug|Any CPU
		{AB1F6F7A-82FB-4772-8211-FDC6E164112C}.Release|Any CPU.ActiveCfg = Release|Any CPU
		{AB1F6F7A-82FB-4772-8211-FDC6E164112C}.Release|Any CPU.Build.0 = Release|Any CPU
	EndGlobalSection
	GlobalSection(SolutionProperties) = preSolution
		HideSolutionNode = FALSE
	EndGlobalSection
	GlobalSection(ExtensibilityGlobals) = postSolution
		SolutionGuid = {01DCEEE2-9E7D-46DD-9192-5CEEF4FC604D}
	EndGlobalSection
EndGlobal
